
Microsoft Visual Studio Solution File, Format Version 12.00
# Visual Studio Version 16
VisualStudioVersion = 16.0.29911.84
MinimumVisualStudioVersion = 10.0.40219.1
Project("{9A19103F-16F7-4668-BE54-9A1E7A4F7556}") = "DrinkWater", "DrinkWater\DrinkWater.csproj", "{757F12E1-67CD-4E29-B325-39E01ADDD9A3}"
EndProject
Project("{9A19103F-16F7-4668-BE54-9A1E7A4F7556}") = "DrinkWaterUnitTests", "DrinkWaterUnitTests\DrinkWaterUnitTests.csproj", "{9D0A72C1-DFA1-41C1-9F84-2712BA44C7EE}"
EndProject
Project("{2150E333-8FDC-42A3-9474-1A3956D46DE8}") = "Solution Items", "Solution Items", "{E9EB0866-5038-497C-9E43-FD7F7E6A5B28}"
EndProject
Project("{9A19103F-16F7-4668-BE54-9A1E7A4F7556}") = "Setting.Tests", "Setting.Tests\Setting.Tests.csproj", "{ACCB5C99-A3AB-4A93-9B4F-C4A7EE3A81FD}"
EndProject
Project("{9A19103F-16F7-4668-BE54-9A1E7A4F7556}") = "NUnitTest_MainWindow", "NUnitTest_MainWindow\NUnitTest_MainWindow.csproj", "{331FC1DF-CA7E-444A-8627-2A417AB0ECDB}"
EndProject
Project("{9A19103F-16F7-4668-BE54-9A1E7A4F7556}") = "DrinkWaterProfileStatisticsUnitTests", "DrinkWaterProfileStatisticsUnitTests\DrinkWaterProfileStatisticsUnitTests.csproj", "{A77DB7B4-BE05-4D94-9133-B29316DC0B26}"
EndProject
Global
	GlobalSection(SolutionConfigurationPlatforms) = preSolution
		Debug|Any CPU = Debug|Any CPU
		Debug|ARM = Debug|ARM
		Debug|ARM64 = Debug|ARM64
		Debug|x64 = Debug|x64
		Debug|x86 = Debug|x86
		Release|Any CPU = Release|Any CPU
		Release|ARM = Release|ARM
		Release|ARM64 = Release|ARM64
		Release|x64 = Release|x64
		Release|x86 = Release|x86
	EndGlobalSection
	GlobalSection(ProjectConfigurationPlatforms) = postSolution
		{757F12E1-67CD-4E29-B325-39E01ADDD9A3}.Debug|Any CPU.ActiveCfg = Debug|Any CPU
		{757F12E1-67CD-4E29-B325-39E01ADDD9A3}.Debug|Any CPU.Build.0 = Debug|Any CPU
		{757F12E1-67CD-4E29-B325-39E01ADDD9A3}.Debug|ARM.ActiveCfg = Debug|Any CPU
		{757F12E1-67CD-4E29-B325-39E01ADDD9A3}.Debug|ARM.Build.0 = Debug|Any CPU
		{757F12E1-67CD-4E29-B325-39E01ADDD9A3}.Debug|ARM64.ActiveCfg = Debug|Any CPU
		{757F12E1-67CD-4E29-B325-39E01ADDD9A3}.Debug|ARM64.Build.0 = Debug|Any CPU
		{757F12E1-67CD-4E29-B325-39E01ADDD9A3}.Debug|x64.ActiveCfg = Debug|Any CPU
		{757F12E1-67CD-4E29-B325-39E01ADDD9A3}.Debug|x64.Build.0 = Debug|Any CPU
		{757F12E1-67CD-4E29-B325-39E01ADDD9A3}.Debug|x86.ActiveCfg = Debug|Any CPU
		{757F12E1-67CD-4E29-B325-39E01ADDD9A3}.Debug|x86.Build.0 = Debug|Any CPU
		{757F12E1-67CD-4E29-B325-39E01ADDD9A3}.Release|Any CPU.ActiveCfg = Release|Any CPU
		{757F12E1-67CD-4E29-B325-39E01ADDD9A3}.Release|Any CPU.Build.0 = Release|Any CPU
		{757F12E1-67CD-4E29-B325-39E01ADDD9A3}.Release|ARM.ActiveCfg = Release|Any CPU
		{757F12E1-67CD-4E29-B325-39E01ADDD9A3}.Release|ARM.Build.0 = Release|Any CPU
		{757F12E1-67CD-4E29-B325-39E01ADDD9A3}.Release|ARM64.ActiveCfg = Release|Any CPU
		{757F12E1-67CD-4E29-B325-39E01ADDD9A3}.Release|ARM64.Build.0 = Release|Any CPU
		{757F12E1-67CD-4E29-B325-39E01ADDD9A3}.Release|x64.ActiveCfg = Release|Any CPU
		{757F12E1-67CD-4E29-B325-39E01ADDD9A3}.Release|x64.Build.0 = Release|Any CPU
		{757F12E1-67CD-4E29-B325-39E01ADDD9A3}.Release|x86.ActiveCfg = Release|Any CPU
		{757F12E1-67CD-4E29-B325-39E01ADDD9A3}.Release|x86.Build.0 = Release|Any CPU
		{9D0A72C1-DFA1-41C1-9F84-2712BA44C7EE}.Debug|Any CPU.ActiveCfg = Debug|Any CPU
		{9D0A72C1-DFA1-41C1-9F84-2712BA44C7EE}.Debug|Any CPU.Build.0 = Debug|Any CPU
		{9D0A72C1-DFA1-41C1-9F84-2712BA44C7EE}.Debug|ARM.ActiveCfg = Debug|Any CPU
		{9D0A72C1-DFA1-41C1-9F84-2712BA44C7EE}.Debug|ARM.Build.0 = Debug|Any CPU
		{9D0A72C1-DFA1-41C1-9F84-2712BA44C7EE}.Debug|ARM64.ActiveCfg = Debug|Any CPU
		{9D0A72C1-DFA1-41C1-9F84-2712BA44C7EE}.Debug|ARM64.Build.0 = Debug|Any CPU
		{9D0A72C1-DFA1-41C1-9F84-2712BA44C7EE}.Debug|x64.ActiveCfg = Debug|Any CPU
		{9D0A72C1-DFA1-41C1-9F84-2712BA44C7EE}.Debug|x64.Build.0 = Debug|Any CPU
		{9D0A72C1-DFA1-41C1-9F84-2712BA44C7EE}.Debug|x86.ActiveCfg = Debug|Any CPU
		{9D0A72C1-DFA1-41C1-9F84-2712BA44C7EE}.Debug|x86.Build.0 = Debug|Any CPU
		{9D0A72C1-DFA1-41C1-9F84-2712BA44C7EE}.Release|Any CPU.ActiveCfg = Release|Any CPU
		{9D0A72C1-DFA1-41C1-9F84-2712BA44C7EE}.Release|Any CPU.Build.0 = Release|Any CPU
		{9D0A72C1-DFA1-41C1-9F84-2712BA44C7EE}.Release|ARM.ActiveCfg = Release|Any CPU
		{9D0A72C1-DFA1-41C1-9F84-2712BA44C7EE}.Release|ARM.Build.0 = Release|Any CPU
		{9D0A72C1-DFA1-41C1-9F84-2712BA44C7EE}.Release|ARM64.ActiveCfg = Release|Any CPU
		{9D0A72C1-DFA1-41C1-9F84-2712BA44C7EE}.Release|ARM64.Build.0 = Release|Any CPU
		{9D0A72C1-DFA1-41C1-9F84-2712BA44C7EE}.Release|x64.ActiveCfg = Release|Any CPU
		{9D0A72C1-DFA1-41C1-9F84-2712BA44C7EE}.Release|x64.Build.0 = Release|Any CPU
		{9D0A72C1-DFA1-41C1-9F84-2712BA44C7EE}.Release|x86.ActiveCfg = Release|Any CPU
		{9D0A72C1-DFA1-41C1-9F84-2712BA44C7EE}.Release|x86.Build.0 = Release|Any CPU
		{ACCB5C99-A3AB-4A93-9B4F-C4A7EE3A81FD}.Debug|Any CPU.ActiveCfg = Debug|Any CPU
		{ACCB5C99-A3AB-4A93-9B4F-C4A7EE3A81FD}.Debug|Any CPU.Build.0 = Debug|Any CPU
		{ACCB5C99-A3AB-4A93-9B4F-C4A7EE3A81FD}.Debug|ARM.ActiveCfg = Debug|Any CPU
		{ACCB5C99-A3AB-4A93-9B4F-C4A7EE3A81FD}.Debug|ARM.Build.0 = Debug|Any CPU
		{ACCB5C99-A3AB-4A93-9B4F-C4A7EE3A81FD}.Debug|ARM64.ActiveCfg = Debug|Any CPU
		{ACCB5C99-A3AB-4A93-9B4F-C4A7EE3A81FD}.Debug|ARM64.Build.0 = Debug|Any CPU
		{ACCB5C99-A3AB-4A93-9B4F-C4A7EE3A81FD}.Debug|x64.ActiveCfg = Debug|Any CPU
		{ACCB5C99-A3AB-4A93-9B4F-C4A7EE3A81FD}.Debug|x64.Build.0 = Debug|Any CPU
		{ACCB5C99-A3AB-4A93-9B4F-C4A7EE3A81FD}.Debug|x86.ActiveCfg = Debug|Any CPU
		{ACCB5C99-A3AB-4A93-9B4F-C4A7EE3A81FD}.Debug|x86.Build.0 = Debug|Any CPU
		{ACCB5C99-A3AB-4A93-9B4F-C4A7EE3A81FD}.Release|Any CPU.ActiveCfg = Release|Any CPU
		{ACCB5C99-A3AB-4A93-9B4F-C4A7EE3A81FD}.Release|Any CPU.Build.0 = Release|Any CPU
		{ACCB5C99-A3AB-4A93-9B4F-C4A7EE3A81FD}.Release|ARM.ActiveCfg = Release|Any CPU
		{ACCB5C99-A3AB-4A93-9B4F-C4A7EE3A81FD}.Release|ARM.Build.0 = Release|Any CPU
		{ACCB5C99-A3AB-4A93-9B4F-C4A7EE3A81FD}.Release|ARM64.ActiveCfg = Release|Any CPU
		{ACCB5C99-A3AB-4A93-9B4F-C4A7EE3A81FD}.Release|ARM64.Build.0 = Release|Any CPU
		{ACCB5C99-A3AB-4A93-9B4F-C4A7EE3A81FD}.Release|x64.ActiveCfg = Release|Any CPU
		{ACCB5C99-A3AB-4A93-9B4F-C4A7EE3A81FD}.Release|x64.Build.0 = Release|Any CPU
		{ACCB5C99-A3AB-4A93-9B4F-C4A7EE3A81FD}.Release|x86.ActiveCfg = Release|Any CPU
		{ACCB5C99-A3AB-4A93-9B4F-C4A7EE3A81FD}.Release|x86.Build.0 = Release|Any CPU
		{331FC1DF-CA7E-444A-8627-2A417AB0ECDB}.Debug|Any CPU.ActiveCfg = Debug|Any CPU
		{331FC1DF-CA7E-444A-8627-2A417AB0ECDB}.Debug|Any CPU.Build.0 = Debug|Any CPU
		{331FC1DF-CA7E-444A-8627-2A417AB0ECDB}.Debug|ARM.ActiveCfg = Debug|Any CPU
		{331FC1DF-CA7E-444A-8627-2A417AB0ECDB}.Debug|ARM.Build.0 = Debug|Any CPU
		{331FC1DF-CA7E-444A-8627-2A417AB0ECDB}.Debug|ARM64.ActiveCfg = Debug|Any CPU
		{331FC1DF-CA7E-444A-8627-2A417AB0ECDB}.Debug|ARM64.Build.0 = Debug|Any CPU
		{331FC1DF-CA7E-444A-8627-2A417AB0ECDB}.Debug|x64.ActiveCfg = Debug|Any CPU
		{331FC1DF-CA7E-444A-8627-2A417AB0ECDB}.Debug|x64.Build.0 = Debug|Any CPU
		{331FC1DF-CA7E-444A-8627-2A417AB0ECDB}.Debug|x86.ActiveCfg = Debug|Any CPU
		{331FC1DF-CA7E-444A-8627-2A417AB0ECDB}.Debug|x86.Build.0 = Debug|Any CPU
		{331FC1DF-CA7E-444A-8627-2A417AB0ECDB}.Release|Any CPU.ActiveCfg = Release|Any CPU
		{331FC1DF-CA7E-444A-8627-2A417AB0ECDB}.Release|Any CPU.Build.0 = Release|Any CPU
		{331FC1DF-CA7E-444A-8627-2A417AB0ECDB}.Release|ARM.ActiveCfg = Release|Any CPU
		{331FC1DF-CA7E-444A-8627-2A417AB0ECDB}.Release|ARM.Build.0 = Release|Any CPU
		{331FC1DF-CA7E-444A-8627-2A417AB0ECDB}.Release|ARM64.ActiveCfg = Release|Any CPU
		{331FC1DF-CA7E-444A-8627-2A417AB0ECDB}.Release|ARM64.Build.0 = Release|Any CPU
		{331FC1DF-CA7E-444A-8627-2A417AB0ECDB}.Release|x64.ActiveCfg = Release|Any CPU
		{331FC1DF-CA7E-444A-8627-2A417AB0ECDB}.Release|x64.Build.0 = Release|Any CPU
		{331FC1DF-CA7E-444A-8627-2A417AB0ECDB}.Release|x86.ActiveCfg = Release|Any CPU
		{331FC1DF-CA7E-444A-8627-2A417AB0ECDB}.Release|x86.Build.0 = Release|Any CPU
		{A77DB7B4-BE05-4D94-9133-B29316DC0B26}.Debug|Any CPU.ActiveCfg = Debug|Any CPU
		{A77DB7B4-BE05-4D94-9133-B29316DC0B26}.Debug|Any CPU.Build.0 = Debug|Any CPU
		{A77DB7B4-BE05-4D94-9133-B29316DC0B26}.Debug|ARM.ActiveCfg = Debug|Any CPU
		{A77DB7B4-BE05-4D94-9133-B29316DC0B26}.Debug|ARM.Build.0 = Debug|Any CPU
		{A77DB7B4-BE05-4D94-9133-B29316DC0B26}.Debug|ARM64.ActiveCfg = Debug|Any CPU
		{A77DB7B4-BE05-4D94-9133-B29316DC0B26}.Debug|ARM64.Build.0 = Debug|Any CPU
		{A77DB7B4-BE05-4D94-9133-B29316DC0B26}.Debug|x64.ActiveCfg = Debug|Any CPU
		{A77DB7B4-BE05-4D94-9133-B29316DC0B26}.Debug|x64.Build.0 = Debug|Any CPU
		{A77DB7B4-BE05-4D94-9133-B29316DC0B26}.Debug|x86.ActiveCfg = Debug|Any CPU
		{A77DB7B4-BE05-4D94-9133-B29316DC0B26}.Debug|x86.Build.0 = Debug|Any CPU
		{A77DB7B4-BE05-4D94-9133-B29316DC0B26}.Release|Any CPU.ActiveCfg = Release|Any CPU
		{A77DB7B4-BE05-4D94-9133-B29316DC0B26}.Release|Any CPU.Build.0 = Release|Any CPU
		{A77DB7B4-BE05-4D94-9133-B29316DC0B26}.Release|ARM.ActiveCfg = Release|Any CPU
		{A77DB7B4-BE05-4D94-9133-B29316DC0B26}.Release|ARM.Build.0 = Release|Any CPU
		{A77DB7B4-BE05-4D94-9133-B29316DC0B26}.Release|ARM64.ActiveCfg = Release|Any CPU
		{A77DB7B4-BE05-4D94-9133-B29316DC0B26}.Release|ARM64.Build.0 = Release|Any CPU
		{A77DB7B4-BE05-4D94-9133-B29316DC0B26}.Release|x64.ActiveCfg = Release|Any CPU
		{A77DB7B4-BE05-4D94-9133-B29316DC0B26}.Release|x64.Build.0 = Release|Any CPU
		{A77DB7B4-BE05-4D94-9133-B29316DC0B26}.Release|x86.ActiveCfg = Release|Any CPU
		{A77DB7B4-BE05-4D94-9133-B29316DC0B26}.Release|x86.Build.0 = Release|Any CPU
	EndGlobalSection
	GlobalSection(SolutionProperties) = preSolution
		HideSolutionNode = FALSE
	EndGlobalSection
	GlobalSection(ExtensibilityGlobals) = postSolution
		SolutionGuid = {A351BB70-56A7-4516-AAC9-C4227132F3FF}
	EndGlobalSection
EndGlobal
